Microsoft Visual Studio Solution File, Format Version 11.00
# Visual Studio 2008

Project("{D1B5441A-8AFD-7812-8C3B-1A5CF44032E2}") = "Implementacion - copia", "Assembly-CSharp.csproj", "{5E787DAB-51D7-4BB9-49D2-C9AD032D02B1}"
EndProject
Global
	GlobalSection(SolutionConfigurationPlatforms) = preSolution
		Debug|Any CPU = Debug|Any CPU
		Release|Any CPU = Release|Any CPU
	EndGlobalSection
	GlobalSection(ProjectConfigurationPlatforms) = postSolution
		{5E787DAB-51D7-4BB9-49D2-C9AD032D02B1}.Debug|Any CPU.ActiveCfg = Debug|Any CPU
		{5E787DAB-51D7-4BB9-49D2-C9AD032D02B1}.Debug|Any CPU.Build.0 = Debug|Any CPU
		{5E787DAB-51D7-4BB9-49D2-C9AD032D02B1}.Release|Any CPU.ActiveCfg = Release|Any CPU
		{5E787DAB-51D7-4BB9-49D2-C9AD032D02B1}.Release|Any CPU.Build.0 = Release|Any CPU
	EndGlobalSection
	GlobalSection(SolutionProperties) = preSolution
		HideSolutionNode = FALSE
	EndGlobalSection
	GlobalSection(MonoDevelopProperties) = preSolution
		StartupItem = Assembly-CSharp.csproj
	EndGlobalSection
EndGlobal
