Microsoft Visual Studio Solution File, Format Version 11.00
# Visual Studio 2008

Project("{664C9807-7BD2-D1AB-6621-A9BDDBCF0A9F}") = "release candidate", "Assembly-CSharp.csproj", "{34F4438F-88BA-6323-5BDA-443EB9BC59A0}"
EndProject
Global
	GlobalSection(SolutionConfigurationPlatforms) = preSolution
		Debug|Any CPU = Debug|Any CPU
		Release|Any CPU = Release|Any CPU
	EndGlobalSection
	GlobalSection(ProjectConfigurationPlatforms) = postSolution
		{34F4438F-88BA-6323-5BDA-443EB9BC59A0}.Debug|Any CPU.ActiveCfg = Debug|Any CPU
		{34F4438F-88BA-6323-5BDA-443EB9BC59A0}.Debug|Any CPU.Build.0 = Debug|Any CPU
		{34F4438F-88BA-6323-5BDA-443EB9BC59A0}.Release|Any CPU.ActiveCfg = Release|Any CPU
		{34F4438F-88BA-6323-5BDA-443EB9BC59A0}.Release|Any CPU.Build.0 = Release|Any CPU
	EndGlobalSection
	GlobalSection(SolutionProperties) = preSolution
		HideSolutionNode = FALSE
	EndGlobalSection
	GlobalSection(MonoDevelopProperties) = preSolution
		StartupItem = Assembly-CSharp.csproj
	EndGlobalSection
EndGlobal
